
Microsoft Visual Studio Solution File, Format Version 12.00
# Visual Studio 2013
VisualStudioVersion = 12.0.30501.0
MinimumVisualStudioVersion = 10.0.40219.1
Project("{FAE04EC0-301F-11D3-BF4B-00C04F79EFBC}") = "TankWar", "RobotWar\RobotWar\TankWar.csproj", "{C51FDBA4-C65B-4646-9547-D156064B5643}"
EndProject
Project("{FAE04EC0-301F-11D3-BF4B-00C04F79EFBC}") = "RobotWarContent", "RobotWar\RobotWarContent\RobotWarContent.contentproj", "{14773E7E-1245-46F9-8156-E5BE67511464}"
EndProject
Project("{FAE04EC0-301F-11D3-BF4B-00C04F79EFBC}") = "TankWarServer", "TankWarServer\TankWarServer.csproj", "{79662674-AD08-4212-9523-CDCEBF3AC897}"
EndProject
Project("{FAE04EC0-301F-11D3-BF4B-00C04F79EFBC}") = "Common", "Common\Common.csproj", "{68CE9137-3F1B-4431-8AB2-9796DE247623}"
EndProject
Global
	GlobalSection(SolutionConfigurationPlatforms) = preSolution
		Debug|Any CPU = Debug|Any CPU
		Debug|Mixed Platforms = Debug|Mixed Platforms
		Debug|x86 = Debug|x86
		Release|Any CPU = Release|Any CPU
		Release|Mixed Platforms = Release|Mixed Platforms
		Release|x86 = Release|x86
	EndGlobalSection
	GlobalSection(ProjectConfigurationPlatforms) = postSolution
		{C51FDBA4-C65B-4646-9547-D156064B5643}.Debug|Any CPU.ActiveCfg = Debug|x86
		{C51FDBA4-C65B-4646-9547-D156064B5643}.Debug|Mixed Platforms.ActiveCfg = Debug|x86
		{C51FDBA4-C65B-4646-9547-D156064B5643}.Debug|Mixed Platforms.Build.0 = Debug|x86
		{C51FDBA4-C65B-4646-9547-D156064B5643}.Debug|x86.ActiveCfg = Debug|x86
		{C51FDBA4-C65B-4646-9547-D156064B5643}.Debug|x86.Build.0 = Debug|x86
		{C51FDBA4-C65B-4646-9547-D156064B5643}.Release|Any CPU.ActiveCfg = Release|x86
		{C51FDBA4-C65B-4646-9547-D156064B5643}.Release|Mixed Platforms.ActiveCfg = Release|x86
		{C51FDBA4-C65B-4646-9547-D156064B5643}.Release|Mixed Platforms.Build.0 = Release|x86
		{C51FDBA4-C65B-4646-9547-D156064B5643}.Release|x86.ActiveCfg = Release|x86
		{C51FDBA4-C65B-4646-9547-D156064B5643}.Release|x86.Build.0 = Release|x86
		{14773E7E-1245-46F9-8156-E5BE67511464}.Debug|Any CPU.ActiveCfg = Debug|x86
		{14773E7E-1245-46F9-8156-E5BE67511464}.Debug|Mixed Platforms.ActiveCfg = Debug|x86
		{14773E7E-1245-46F9-8156-E5BE67511464}.Debug|x86.ActiveCfg = Debug|x86
		{14773E7E-1245-46F9-8156-E5BE67511464}.Release|Any CPU.ActiveCfg = Release|x86
		{14773E7E-1245-46F9-8156-E5BE67511464}.Release|Mixed Platforms.ActiveCfg = Release|x86
		{14773E7E-1245-46F9-8156-E5BE67511464}.Release|x86.ActiveCfg = Release|x86
		{79662674-AD08-4212-9523-CDCEBF3AC897}.Debug|Any CPU.ActiveCfg = Debug|Any CPU
		{79662674-AD08-4212-9523-CDCEBF3AC897}.Debug|Any CPU.Build.0 = Debug|Any CPU
		{79662674-AD08-4212-9523-CDCEBF3AC897}.Debug|Mixed Platforms.ActiveCfg = Debug|Any CPU
		{79662674-AD08-4212-9523-CDCEBF3AC897}.Debug|Mixed Platforms.Build.0 = Debug|Any CPU
		{79662674-AD08-4212-9523-CDCEBF3AC897}.Debug|x86.ActiveCfg = Debug|Any CPU
		{79662674-AD08-4212-9523-CDCEBF3AC897}.Release|Any CPU.ActiveCfg = Release|Any CPU
		{79662674-AD08-4212-9523-CDCEBF3AC897}.Release|Any CPU.Build.0 = Release|Any CPU
		{79662674-AD08-4212-9523-CDCEBF3AC897}.Release|Mixed Platforms.ActiveCfg = Release|Any CPU
		{79662674-AD08-4212-9523-CDCEBF3AC897}.Release|Mixed Platforms.Build.0 = Release|Any CPU
		{79662674-AD08-4212-9523-CDCEBF3AC897}.Release|x86.ActiveCfg = Release|Any CPU
		{68CE9137-3F1B-4431-8AB2-9796DE247623}.Debug|Any CPU.ActiveCfg = Debug|Any CPU
		{68CE9137-3F1B-4431-8AB2-9796DE247623}.Debug|Any CPU.Build.0 = Debug|Any CPU
		{68CE9137-3F1B-4431-8AB2-9796DE247623}.Debug|Mixed Platforms.ActiveCfg = Debug|Any CPU
		{68CE9137-3F1B-4431-8AB2-9796DE247623}.Debug|Mixed Platforms.Build.0 = Debug|Any CPU
		{68CE9137-3F1B-4431-8AB2-9796DE247623}.Debug|x86.ActiveCfg = Debug|Any CPU
		{68CE9137-3F1B-4431-8AB2-9796DE247623}.Release|Any CPU.ActiveCfg = Release|Any CPU
		{68CE9137-3F1B-4431-8AB2-9796DE247623}.Release|Any CPU.Build.0 = Release|Any CPU
		{68CE9137-3F1B-4431-8AB2-9796DE247623}.Release|Mixed Platforms.ActiveCfg = Release|Any CPU
		{68CE9137-3F1B-4431-8AB2-9796DE247623}.Release|Mixed Platforms.Build.0 = Release|Any CPU
		{68CE9137-3F1B-4431-8AB2-9796DE247623}.Release|x86.ActiveCfg = Release|Any CPU
	EndGlobalSection
	GlobalSection(SolutionProperties) = preSolution
		HideSolutionNode = FALSE
	EndGlobalSection
	GlobalSection(SubversionScc) = preSolution
		Svn-Managed = True
		Manager = AnkhSVN - Subversion Support for Visual Studio
	EndGlobalSection
EndGlobal
